
Microsoft Visual Studio Solution File, Format Version 12.00
# Visual Studio 14
VisualStudioVersion = 14.0.25420.1
MinimumVisualStudioVersion = 10.0.40219.1
Project("{FAE04EC0-301F-11D3-BF4B-00C04F79EFBC}") = "BookShop", "BookShop\BookShop.csproj", "{64FAB803-5706-4E35-B4A1-4246E26FCE29}"
EndProject
Project("{FAE04EC0-301F-11D3-BF4B-00C04F79EFBC}") = "BookShop.Model", "BookShop.Model\BookShop.Model.csproj", "{181E13B7-E456-4C25-9738-60D95CBEDE85}"
EndProject
Project("{FAE04EC0-301F-11D3-BF4B-00C04F79EFBC}") = "BookShop.IRespository", "BookShop.IRespository\BookShop.IRespository.csproj", "{F3FFD9CE-E148-487F-9034-8E0C5D4ED01A}"
EndProject
Project("{FAE04EC0-301F-11D3-BF4B-00C04F79EFBC}") = "BookShop.Repository", "BookShop.Repository\BookShop.Repository.csproj", "{F652A1EC-4A5B-422E-9039-F8D6A6B953D1}"
EndProject
Global
	GlobalSection(SolutionConfigurationPlatforms) = preSolution
		Debug|Any CPU = Debug|Any CPU
		Release|Any CPU = Release|Any CPU
	EndGlobalSection
	GlobalSection(ProjectConfigurationPlatforms) = postSolution
		{64FAB803-5706-4E35-B4A1-4246E26FCE29}.Debug|Any CPU.ActiveCfg = Debug|Any CPU
		{64FAB803-5706-4E35-B4A1-4246E26FCE29}.Debug|Any CPU.Build.0 = Debug|Any CPU
		{64FAB803-5706-4E35-B4A1-4246E26FCE29}.Release|Any CPU.ActiveCfg = Release|Any CPU
		{64FAB803-5706-4E35-B4A1-4246E26FCE29}.Release|Any CPU.Build.0 = Release|Any CPU
		{181E13B7-E456-4C25-9738-60D95CBEDE85}.Debug|Any CPU.ActiveCfg = Debug|Any CPU
		{181E13B7-E456-4C25-9738-60D95CBEDE85}.Debug|Any CPU.Build.0 = Debug|Any CPU
		{181E13B7-E456-4C25-9738-60D95CBEDE85}.Release|Any CPU.ActiveCfg = Release|Any CPU
		{181E13B7-E456-4C25-9738-60D95CBEDE85}.Release|Any CPU.Build.0 = Release|Any CPU
		{F3FFD9CE-E148-487F-9034-8E0C5D4ED01A}.Debug|Any CPU.ActiveCfg = Debug|Any CPU
		{F3FFD9CE-E148-487F-9034-8E0C5D4ED01A}.Debug|Any CPU.Build.0 = Debug|Any CPU
		{F3FFD9CE-E148-487F-9034-8E0C5D4ED01A}.Release|Any CPU.ActiveCfg = Release|Any CPU
		{F3FFD9CE-E148-487F-9034-8E0C5D4ED01A}.Release|Any CPU.Build.0 = Release|Any CPU
		{F652A1EC-4A5B-422E-9039-F8D6A6B953D1}.Debug|Any CPU.ActiveCfg = Debug|Any CPU
		{F652A1EC-4A5B-422E-9039-F8D6A6B953D1}.Debug|Any CPU.Build.0 = Debug|Any CPU
		{F652A1EC-4A5B-422E-9039-F8D6A6B953D1}.Release|Any CPU.ActiveCfg = Release|Any CPU
		{F652A1EC-4A5B-422E-9039-F8D6A6B953D1}.Release|Any CPU.Build.0 = Release|Any CPU
	EndGlobalSection
	GlobalSection(SolutionProperties) = preSolution
		HideSolutionNode = FALSE
	EndGlobalSection
EndGlobal
